PODS:
  - CitrusPay (3.7.0):
    - JSONModel
  - GoogleMaps (1.13.2)
  - JSONModel (1.3.0)

DEPENDENCIES:
  - CitrusPay
  - GoogleMaps

SPEC CHECKSUMS:
  CitrusPay: 1d3953aa414d51f35d8c37b22008897a38b59576
  GoogleMaps: b20a103ff307f58392e603cf142e59d7e30374c1
  JSONModel: 81c06ecf99190a25fa6aafceea5faffa7880868a

PODFILE CHECKSUM: 2080343d91239e3f6f6e0ef0b2095a81e4ebbb62

COCOAPODS: 1.0.1
